
Microsoft Visual Studio Solution File, Format Version 12.00
# Visual Studio Version 17
VisualStudioVersion = 17.5.33414.496
MinimumVisualStudioVersion = 10.0.40219.1
Project("{FAE04EC0-301F-11D3-BF4B-00C04F79EFBC}") = "Aula2209", "Aula2209.csproj", "{47D6CEA6-00D9-49FB-91DA-F6D8A4AA6D1B}"
EndProject
Global
	GlobalSection(SolutionConfigurationPlatforms) = preSolution
		Debug|Any CPU = Debug|Any CPU
		Release|Any CPU = Release|Any CPU
	EndGlobalSection
	GlobalSection(ProjectConfigurationPlatforms) = postSolution
		{47D6CEA6-00D9-49FB-91DA-F6D8A4AA6D1B}.Debug|Any CPU.ActiveCfg = Debug|Any CPU
		{47D6CEA6-00D9-49FB-91DA-F6D8A4AA6D1B}.Debug|Any CPU.Build.0 = Debug|Any CPU
		{47D6CEA6-00D9-49FB-91DA-F6D8A4AA6D1B}.Release|Any CPU.ActiveCfg = Release|Any CPU
		{47D6CEA6-00D9-49FB-91DA-F6D8A4AA6D1B}.Release|Any CPU.Build.0 = Release|Any CPU
	EndGlobalSection
	GlobalSection(SolutionProperties) = preSolution
		HideSolutionNode = FALSE
	EndGlobalSection
	GlobalSection(ExtensibilityGlobals) = postSolution
		SolutionGuid = {0386073B-7C55-4541-9190-91F3F9D919ED}
	EndGlobalSection
EndGlobal
